// !$*UTF8*$!
{
	archiveVersion = 1;
	classes = {
	};
	objectVersion = 50;
	objects = {

/* Begin PBXBuildFile section */
		13A140DB93CE3E2251D0E759 /* libPods-LCMINDemo.a in Frameworks */ = {isa = PBXBuildFile; fileRef = AC137722342887E1A51C4276 /* libPods-LCMINDemo.a */; };
		A854EEC220B6444A0050F84C /* MINView.m in Sources */ = {isa = PBXBuildFile; fileRef = A854EEC120B6444A0050F84C /* MINView.m */; };
		A8CDC57420B50D8E000F17F3 /* AppDelegate.m in Sources */ = {isa = PBXBuildFile; fileRef = A8CDC57320B50D8E000F17F3 /* AppDelegate.m */; };
		A8CDC57720B50D8E000F17F3 /* ViewController.m in Sources */ = {isa = PBXBuildFile; fileRef = A8CDC57620B50D8E000F17F3 /* ViewController.m */; };
		A8CDC57A20B50D8E000F17F3 /* Main.storyboard in Resources */ = {isa = PBXBuildFile; fileRef = A8CDC57820B50D8E000F17F3 /* Main.storyboard */; };
		A8CDC57C20B50D90000F17F3 /* Assets.xcassets in Resources */ = {isa = PBXBuildFile; fileRef = A8CDC57B20B50D90000F17F3 /* Assets.xcassets */; };
		A8CDC57F20B50D90000F17F3 /* LaunchScreen.storyboard in Resources */ = {isa = PBXBuildFile; fileRef = A8CDC57D20B50D90000F17F3 /* LaunchScreen.storyboard */; };
		A8CDC58220B50D90000F17F3 /* main.m in Sources */ = {isa = PBXBuildFile; fileRef = A8CDC58120B50D90000F17F3 /* main.m */; };
		A8CDC58C20B50D90000F17F3 /* LCMINDemoTests.m in Sources */ = {isa = PBXBuildFile; fileRef = A8CDC58B20B50D90000F17F3 /* LCMINDemoTests.m */; };
		A8CDC59720B50D90000F17F3 /* LCMINDemoUITests.m in Sources */ = {isa = PBXBuildFile; fileRef = A8CDC59620B50D90000F17F3 /* LCMINDemoUITests.m */; };
		A8CDC5A720B558DF000F17F3 /* LCDataManger.m in Sources */ = {isa = PBXBuildFile; fileRef = A8CDC5A620B558DF000F17F3 /* LCDataManger.m */; };
		A8CDC5AD20B55A30000F17F3 /* MINData.m in Sources */ = {isa = PBXBuildFile; fileRef = A8CDC5AC20B55A30000F17F3 /* MINData.m */; };
		A8CDC5B020B563E1000F17F3 /* MINTableViewCell.m in Sources */ = {isa = PBXBuildFile; fileRef = A8CDC5AF20B563E1000F17F3 /* MINTableViewCell.m */; };
/* End PBXBuildFile section */

/* Begin PBXContainerItemProxy section */
		A8CDC58820B50D90000F17F3 /* PBXContainerItemProxy */ = {
			isa = PBXContainerItemProxy;
			containerPortal = A8CDC56720B50D8E000F17F3 /* Project object */;
			proxyType = 1;
			remoteGlobalIDString = A8CDC56E20B50D8E000F17F3;
			remoteInfo = LCMINDemo;
		};
		A8CDC59320B50D90000F17F3 /* PBXContainerItemProxy */ = {
			isa = PBXContainerItemProxy;
			containerPortal = A8CDC56720B50D8E000F17F3 /* Project object */;
			proxyType = 1;
			remoteGlobalIDString = A8CDC56E20B50D8E000F17F3;
			remoteInfo = LCMINDemo;
		};
/* End PBXContainerItemProxy section */

/* Begin PBXFileReference section */
		263C67A6B7FA456CBF954885 /* Pods-LCMINDemo.debug.xcconfig */ = {isa = PBXFileReference; includeInIndex = 1; lastKnownFileType = text.xcconfig; name = "Pods-LCMINDemo.debug.xcconfig"; path = "Pods/Target Support Files/Pods-LCMINDemo/Pods-LCMINDemo.debug.xcconfig"; sourceTree = "<group>"; };
		A854EEC020B6444A0050F84C /* MINView.h */ = {isa = PBXFileReference; lastKnownFileType = sourcecode.c.h; path = MINView.h; sourceTree = "<group>"; };
		A854EEC120B6444A0050F84C /* MINView.m */ = {isa = PBXFileReference; lastKnownFileType = sourcecode.c.objc; path = MINView.m; sourceTree = "<group>"; };
		A854EEC320B6463C0050F84C /* LCMINDemo.pch */ = {isa = PBXFileReference; lastKnownFileType = sourcecode.c.h; path = LCMINDemo.pch; sourceTree = "<group>"; };
		A8CDC56F20B50D8E000F17F3 /* LCMINDemo.app */ = {isa = PBXFileReference; explicitFileType = wrapper.application; includeInIndex = 0; path = LCMINDemo.app; sourceTree = BUILT_PRODUCTS_DIR; };
		A8CDC57220B50D8E000F17F3 /* AppDelegate.h */ = {isa = PBXFileReference; lastKnownFileType = sourcecode.c.h; path = AppDelegate.h; sourceTree = "<group>"; };
		A8CDC57320B50D8E000F17F3 /* AppDelegate.m */ = {isa = PBXFileReference; lastKnownFileType = sourcecode.c.objc; path = AppDelegate.m; sourceTree = "<group>"; };
		A8CDC57520B50D8E000F17F3 /* ViewController.h */ = {isa = PBXFileReference; lastKnownFileType = sourcecode.c.h; path = ViewController.h; sourceTree = "<group>"; };
		A8CDC57620B50D8E000F17F3 /* ViewController.m */ = {isa = PBXFileReference; lastKnownFileType = sourcecode.c.objc; path = ViewController.m; sourceTree = "<group>"; };
		A8CDC57920B50D8E000F17F3 /* Base */ = {isa = PBXFileReference; lastKnownFileType = file.storyboard; name = Base; path = Base.lproj/Main.storyboard; sourceTree = "<group>"; };
		A8CDC57B20B50D90000F17F3 /* Assets.xcassets */ = {isa = PBXFileReference; lastKnownFileType = folder.assetcatalog; path = Assets.xcassets; sourceTree = "<group>"; };
		A8CDC57E20B50D90000F17F3 /* Base */ = {isa = PBXFileReference; lastKnownFileType = file.storyboard; name = Base; path = Base.lproj/LaunchScreen.storyboard; sourceTree = "<group>"; };
		A8CDC58020B50D90000F17F3 /* Info.plist */ = {isa = PBXFileReference; lastKnownFileType = text.plist.xml; path = Info.plist; sourceTree = "<group>"; };
		A8CDC58120B50D90000F17F3 /* main.m */ = {isa = PBXFileReference; lastKnownFileType = sourcecode.c.objc; path = main.m; sourceTree = "<group>"; };
		A8CDC58720B50D90000F17F3 /* LCMINDemoTests.xctest */ = {isa = PBXFileReference; explicitFileType = wrapper.cfbundle; includeInIndex = 0; path = LCMINDemoTests.xctest; sourceTree = BUILT_PRODUCTS_DIR; };
		A8CDC58B20B50D90000F17F3 /* LCMINDemoTests.m */ = {isa = PBXFileReference; lastKnownFileType = sourcecode.c.objc; path = LCMINDemoTests.m; sourceTree = "<group>"; };
		A8CDC58D20B50D90000F17F3 /* Info.plist */ = {isa = PBXFileReference; lastKnownFileType = text.plist.xml; path = Info.plist; sourceTree = "<group>"; };
		A8CDC59220B50D90000F17F3 /* LCMINDemoUITests.xctest */ = {isa = PBXFileReference; explicitFileType = wrapper.cfbundle; includeInIndex = 0; path = LCMINDemoUITests.xctest; sourceTree = BUILT_PRODUCTS_DIR; };
		A8CDC59620B50D90000F17F3 /* LCMINDemoUITests.m */ = {isa = PBXFileReference; lastKnownFileType = sourcecode.c.objc; path = LCMINDemoUITests.m; sourceTree = "<group>"; };
		A8CDC59820B50D90000F17F3 /* Info.plist */ = {isa = PBXFileReference; lastKnownFileType = text.plist.xml; path = Info.plist; sourceTree = "<group>"; };
		A8CDC5A520B558DF000F17F3 /* LCDataManger.h */ = {isa = PBXFileReference; lastKnownFileType = sourcecode.c.h; path = LCDataManger.h; sourceTree = "<group>"; };
		A8CDC5A620B558DF000F17F3 /* LCDataManger.m */ = {isa = PBXFileReference; lastKnownFileType = sourcecode.c.objc; path = LCDataManger.m; sourceTree = "<group>"; };
		A8CDC5AB20B55A30000F17F3 /* MINData.h */ = {isa = PBXFileReference; lastKnownFileType = sourcecode.c.h; path = MINData.h; sourceTree = "<group>"; };
		A8CDC5AC20B55A30000F17F3 /* MINData.m */ = {isa = PBXFileReference; lastKnownFileType = sourcecode.c.objc; path = MINData.m; sourceTree = "<group>"; };
		A8CDC5AE20B563E1000F17F3 /* MINTableViewCell.h */ = {isa = PBXFileReference; lastKnownFileType = sourcecode.c.h; path = MINTableViewCell.h; sourceTree = "<group>"; };
		A8CDC5AF20B563E1000F17F3 /* MINTableViewCell.m */ = {isa = PBXFileReference; lastKnownFileType = sourcecode.c.objc; path = MINTableViewCell.m; sourceTree = "<group>"; };
		AC137722342887E1A51C4276 /* libPods-LCMINDemo.a */ = {isa = PBXFileReference; explicitFileType = archive.ar; includeInIndex = 0; path = "libPods-LCMINDemo.a"; sourceTree = BUILT_PRODUCTS_DIR; };
		DEA5D150AA4083EA7168DAC6 /* Pods-LCMINDemo.release.xcconfig */ = {isa = PBXFileReference; includeInIndex = 1; lastKnownFileType = text.xcconfig; name = "Pods-LCMINDemo.release.xcconfig"; path = "Pods/Target Support Files/Pods-LCMINDemo/Pods-LCMINDemo.release.xcconfig"; sourceTree = "<group>"; };
/* End PBXFileReference section */

/* Begin PBXFrameworksBuildPhase section */
		A8CDC56C20B50D8E000F17F3 /* Frameworks */ = {
			isa = PBXFrameworksBuildPhase;
			buildActionMask = 2147483647;
			files = (
				13A140DB93CE3E2251D0E759 /* libPods-LCMINDemo.a in Frameworks */,
			);
			runOnlyForDeploymentPostprocessing = 0;
		};
		A8CDC58420B50D90000F17F3 /* Frameworks */ = {
			isa = PBXFrameworksBuildPhase;
			buildActionMask = 2147483647;
			files = (
			);
			runOnlyForDeploymentPostprocessing = 0;
		};
		A8CDC58F20B50D90000F17F3 /* Frameworks */ = {
			isa = PBXFrameworksBuildPhase;
			buildActionMask = 2147483647;
			files = (
			);
			runOnlyForDeploymentPostprocessing = 0;
		};
/* End PBXFrameworksBuildPhase section */

/* Begin PBXGroup section */
		1C2B54B23EB7D423BEB4A0A3 /* Frameworks */ = {
			isa = PBXGroup;
			children = (
				AC137722342887E1A51C4276 /* libPods-LCMINDemo.a */,
			);
			name = Frameworks;
			sourceTree = "<group>";
		};
		A8CDC56620B50D8E000F17F3 = {
			isa = PBXGroup;
			children = (
				A8CDC57120B50D8E000F17F3 /* LCMINDemo */,
				A8CDC58A20B50D90000F17F3 /* LCMINDemoTests */,
				A8CDC59520B50D90000F17F3 /* LCMINDemoUITests */,
				A8CDC57020B50D8E000F17F3 /* Products */,
				E48343BAE23DB04B0CA3B16A /* Pods */,
				1C2B54B23EB7D423BEB4A0A3 /* Frameworks */,
			);
			sourceTree = "<group>";
		};
		A8CDC57020B50D8E000F17F3 /* Products */ = {
			isa = PBXGroup;
			children = (
				A8CDC56F20B50D8E000F17F3 /* LCMINDemo.app */,
				A8CDC58720B50D90000F17F3 /* LCMINDemoTests.xctest */,
				A8CDC59220B50D90000F17F3 /* LCMINDemoUITests.xctest */,
			);
			name = Products;
			sourceTree = "<group>";
		};
		A8CDC57120B50D8E000F17F3 /* LCMINDemo */ = {
			isa = PBXGroup;
			children = (
				A8CDC57220B50D8E000F17F3 /* AppDelegate.h */,
				A8CDC57320B50D8E000F17F3 /* AppDelegate.m */,
				A8CDC5AE20B563E1000F17F3 /* MINTableViewCell.h */,
				A8CDC5AF20B563E1000F17F3 /* MINTableViewCell.m */,
				A854EEC020B6444A0050F84C /* MINView.h */,
				A854EEC120B6444A0050F84C /* MINView.m */,
				A8CDC57520B50D8E000F17F3 /* ViewController.h */,
				A8CDC57620B50D8E000F17F3 /* ViewController.m */,
				A8CDC5AB20B55A30000F17F3 /* MINData.h */,
				A8CDC5AC20B55A30000F17F3 /* MINData.m */,
				A8CDC5A520B558DF000F17F3 /* LCDataManger.h */,
				A8CDC5A620B558DF000F17F3 /* LCDataManger.m */,
				A8CDC57820B50D8E000F17F3 /* Main.storyboard */,
				A8CDC57B20B50D90000F17F3 /* Assets.xcassets */,
				A8CDC57D20B50D90000F17F3 /* LaunchScreen.storyboard */,
				A854EEC320B6463C0050F84C /* LCMINDemo.pch */,
				A8CDC58020B50D90000F17F3 /* Info.plist */,
				A8CDC58120B50D90000F17F3 /* main.m */,
			);
			path = LCMINDemo;
			sourceTree = "<group>";
		};
		A8CDC58A20B50D90000F17F3 /* LCMINDemoTests */ = {
			isa = PBXGroup;
			children = (
				A8CDC58B20B50D90000F17F3 /* LCMINDemoTests.m */,
				A8CDC58D20B50D90000F17F3 /* Info.plist */,
			);
			path = LCMINDemoTests;
			sourceTree = "<group>";
		};
		A8CDC59520B50D90000F17F3 /* LCMINDemoUITests */ = {
			isa = PBXGroup;
			children = (
				A8CDC59620B50D90000F17F3 /* LCMINDemoUITests.m */,
				A8CDC59820B50D90000F17F3 /* Info.plist */,
			);
			path = LCMINDemoUITests;
			sourceTree = "<group>";
		};
		E48343BAE23DB04B0CA3B16A /* Pods */ = {
			isa = PBXGroup;
			children = (
				263C67A6B7FA456CBF954885 /* Pods-LCMINDemo.debug.xcconfig */,
				DEA5D150AA4083EA7168DAC6 /* Pods-LCMINDemo.release.xcconfig */,
			);
			name = Pods;
			sourceTree = "<group>";
		};
/* End PBXGroup section */

/* Begin PBXNativeTarget section */
		A8CDC56E20B50D8E000F17F3 /* LCMINDemo */ = {
			isa = PBXNativeTarget;
			buildConfigurationList = A8CDC59B20B50D90000F17F3 /* Build configuration list for PBXNativeTarget "LCMINDemo" */;
			buildPhases = (
				C0246032DB0A73AF5D9CBC8C /* [CP] Check Pods Manifest.lock */,
				A8CDC56B20B50D8E000F17F3 /* Sources */,
				A8CDC56C20B50D8E000F17F3 /* Frameworks */,
				A8CDC56D20B50D8E000F17F3 /* Resources */,
				179523AB44EFD5CCC809AD1A /* [CP] Embed Pods Frameworks */,
				2E102215D66983886C30BF46 /* [CP] Copy Pods Resources */,
			);
			buildRules = (
			);
			dependencies = (
			);
			name = LCMINDemo;
			productName = LCMINDemo;
			productReference = A8CDC56F20B50D8E000F17F3 /* LCMINDemo.app */;
			productType = "com.apple.product-type.application";
		};
		A8CDC58620B50D90000F17F3 /* LCMINDemoTests */ = {
			isa = PBXNativeTarget;
			buildConfigurationList = A8CDC59E20B50D90000F17F3 /* Build configuration list for PBXNativeTarget "LCMINDemoTests" */;
			buildPhases = (
				A8CDC58320B50D90000F17F3 /* Sources */,
				A8CDC58420B50D90000F17F3 /* Frameworks */,
				A8CDC58520B50D90000F17F3 /* Resources */,
			);
			buildRules = (
			);
			dependencies = (
				A8CDC58920B50D90000F17F3 /* PBXTargetDependency */,
			);
			name = LCMINDemoTests;
			productName = LCMINDemoTests;
			productReference = A8CDC58720B50D90000F17F3 /* LCMINDemoTests.xctest */;
			productType = "com.apple.product-type.bundle.unit-test";
		};
		A8CDC59120B50D90000F17F3 /* LCMINDemoUITests */ = {
			isa = PBXNativeTarget;
			buildConfigurationList = A8CDC5A120B50D90000F17F3 /* Build configuration list for PBXNativeTarget "LCMINDemoUITests" */;
			buildPhases = (
				A8CDC58E20B50D90000F17F3 /* Sources */,
				A8CDC58F20B50D90000F17F3 /* Frameworks */,
				A8CDC59020B50D90000F17F3 /* Resources */,
			);
			buildRules = (
			);
			dependencies = (
				A8CDC59420B50D90000F17F3 /* PBXTargetDependency */,
			);
			name = LCMINDemoUITests;
			productName = LCMINDemoUITests;
			productReference = A8CDC59220B50D90000F17F3 /* LCMINDemoUITests.xctest */;
			productType = "com.apple.product-type.bundle.ui-testing";
		};
/* End PBXNativeTarget section */

/* Begin PBXProject section */
		A8CDC56720B50D8E000F17F3 /* Project object */ = {
			isa = PBXProject;
			attributes = {
				LastUpgradeCheck = 0930;
				ORGANIZATIONNAME = Deirman;
				TargetAttributes = {
					A8CDC56E20B50D8E000F17F3 = {
						CreatedOnToolsVersion = 9.3.1;
						SystemCapabilities = {
							com.apple.BackgroundModes = {
								enabled = 1;
							};
						};
					};
					A8CDC58620B50D90000F17F3 = {
						CreatedOnToolsVersion = 9.3.1;
						TestTargetID = A8CDC56E20B50D8E000F17F3;
					};
					A8CDC59120B50D90000F17F3 = {
						CreatedOnToolsVersion = 9.3.1;
						TestTargetID = A8CDC56E20B50D8E000F17F3;
					};
				};
			};
			buildConfigurationList = A8CDC56A20B50D8E000F17F3 /* Build configuration list for PBXProject "LCMINDemo" */;
			compatibilityVersion = "Xcode 9.3";
			developmentRegion = en;
			hasScannedForEncodings = 0;
			knownRegions = (
				en,
				Base,
			);
			mainGroup = A8CDC56620B50D8E000F17F3;
			productRefGroup = A8CDC57020B50D8E000F17F3 /* Products */;
			projectDirPath = "";
			projectRoot = "";
			targets = (
				A8CDC56E20B50D8E000F17F3 /* LCMINDemo */,
				A8CDC58620B50D90000F17F3 /* LCMINDemoTests */,
				A8CDC59120B50D90000F17F3 /* LCMINDemoUITests */,
			);
		};
/* End PBXProject section */

/* Begin PBXResourcesBuildPhase section */
		A8CDC56D20B50D8E000F17F3 /* Resources */ = {
			isa = PBXResourcesBuildPhase;
			buildActionMask = 2147483647;
			files = (
				A8CDC57F20B50D90000F17F3 /* LaunchScreen.storyboard in Resources */,
				A8CDC57C20B50D90000F17F3 /* Assets.xcassets in Resources */,
				A8CDC57A20B50D8E000F17F3 /* Main.storyboard in Resources */,
			);
			runOnlyForDeploymentPostprocessing = 0;
		};
		A8CDC58520B50D90000F17F3 /* Resources */ = {
			isa = PBXResourcesBuildPhase;
			buildActionMask = 2147483647;
			files = (
			);
			runOnlyForDeploymentPostprocessing = 0;
		};
		A8CDC59020B50D90000F17F3 /* Resources */ = {
			isa = PBXResourcesBuildPhase;
			buildActionMask = 2147483647;
			files = (
			);
			runOnlyForDeploymentPostprocessing = 0;
		};
/* End PBXResourcesBuildPhase section */

/* Begin PBXShellScriptBuildPhase section */
		179523AB44EFD5CCC809AD1A /* [CP] Embed Pods Frameworks */ = {
			isa = PBXShellScriptBuildPhase;
			buildActionMask = 2147483647;
			files = (
			);
			inputPaths = (
				"${SRCROOT}/Pods/Target Support Files/Pods-LCMINDemo/Pods-LCMINDemo-frameworks.sh",
				"${PODS_ROOT}/NIMSDK/NIMSDK/NIMSDK.framework",
				"${PODS_ROOT}/NIMSDK/NIMAVChat/NIMAVChat.framework",
				"${PODS_ROOT}/NIMSDK/NIMAVChat/NVS.framework",
			);
			name = "[CP] Embed Pods Frameworks";
			outputPaths = (
				"${TARGET_BUILD_DIR}/${FRAMEWORKS_FOLDER_PATH}/NIMSDK.framework",
				"${TARGET_BUILD_DIR}/${FRAMEWORKS_FOLDER_PATH}/NIMAVChat.framework",
				"${TARGET_BUILD_DIR}/${FRAMEWORKS_FOLDER_PATH}/NVS.framework",
			);
			runOnlyForDeploymentPostprocessing = 0;
			shellPath = /bin/sh;
			shellScript = "\"${SRCROOT}/Pods/Target Support Files/Pods-LCMINDemo/Pods-LCMINDemo-frameworks.sh\"\n";
			showEnvVarsInLog = 0;
		};
		2E102215D66983886C30BF46 /* [CP] Copy Pods Resources */ = {
			isa = PBXShellScriptBuildPhase;
			buildActionMask = 2147483647;
			files = (
			);
			inputPaths = (
				"${SRCROOT}/Pods/Target Support Files/Pods-LCMINDemo/Pods-LCMINDemo-resources.sh",
				"${PODS_ROOT}/NIMSDK/NIMAVChat/Resources/NMCVideoFilter.bundle",
			);
			name = "[CP] Copy Pods Resources";
			outputPaths = (
				"${TARGET_BUILD_DIR}/${UNLOCALIZED_RESOURCES_FOLDER_PATH}/NMCVideoFilter.bundle",
			);
			runOnlyForDeploymentPostprocessing = 0;
			shellPath = /bin/sh;
			shellScript = "\"${SRCROOT}/Pods/Target Support Files/Pods-LCMINDemo/Pods-LCMINDemo-resources.sh\"\n";
			showEnvVarsInLog = 0;
		};
		C0246032DB0A73AF5D9CBC8C /* [CP] Check Pods Manifest.lock */ = {
			isa = PBXShellScriptBuildPhase;
			buildActionMask = 2147483647;
			files = (
			);
			inputPaths = (
				"${PODS_PODFILE_DIR_PATH}/Podfile.lock",
				"${PODS_ROOT}/Manifest.lock",
			);
			name = "[CP] Check Pods Manifest.lock";
			outputPaths = (
				"$(DERIVED_FILE_DIR)/Pods-LCMINDemo-checkManifestLockResult.txt",
			);
			runOnlyForDeploymentPostprocessing = 0;
			shellPath = /bin/sh;
			shellScript = "diff \"${PODS_PODFILE_DIR_PATH}/Podfile.lock\" \"${PODS_ROOT}/Manifest.lock\" > /dev/null\nif [ $? != 0 ] ; then\n    # print error to STDERR\n    echo \"error: The sandbox is not in sync with the Podfile.lock. Run 'pod install' or update your CocoaPods installation.\" >&2\n    exit 1\nfi\n# This output is used by Xcode 'outputs' to avoid re-running this script phase.\necho \"SUCCESS\" > \"${SCRIPT_OUTPUT_FILE_0}\"\n";
			showEnvVarsInLog = 0;
		};
/* End PBXShellScriptBuildPhase section */

/* Begin PBXSourcesBuildPhase section */
		A8CDC56B20B50D8E000F17F3 /* Sources */ = {
			isa = PBXSourcesBuildPhase;
			buildActionMask = 2147483647;
			files = (
				A8CDC5A720B558DF000F17F3 /* LCDataManger.m in Sources */,
				A8CDC5AD20B55A30000F17F3 /* MINData.m in Sources */,
				A8CDC57720B50D8E000F17F3 /* ViewController.m in Sources */,
				A8CDC58220B50D90000F17F3 /* main.m in Sources */,
				A854EEC220B6444A0050F84C /* MINView.m in Sources */,
				A8CDC5B020B563E1000F17F3 /* MINTableViewCell.m in Sources */,
				A8CDC57420B50D8E000F17F3 /* AppDelegate.m in Sources */,
			);
			runOnlyForDeploymentPostprocessing = 0;
		};
		A8CDC58320B50D90000F17F3 /* Sources */ = {
			isa = PBXSourcesBuildPhase;
			buildActionMask = 2147483647;
			files = (
				A8CDC58C20B50D90000F17F3 /* LCMINDemoTests.m in Sources */,
			);
			runOnlyForDeploymentPostprocessing = 0;
		};
		A8CDC58E20B50D90000F17F3 /* Sources */ = {
			isa = PBXSourcesBuildPhase;
			buildActionMask = 2147483647;
			files = (
				A8CDC59720B50D90000F17F3 /* LCMINDemoUITests.m in Sources */,
			);
			runOnlyForDeploymentPostprocessing = 0;
		};
/* End PBXSourcesBuildPhase section */

/* Begin PBXTargetDependency section */
		A8CDC58920B50D90000F17F3 /* PBXTargetDependency */ = {
			isa = PBXTargetDependency;
			target = A8CDC56E20B50D8E000F17F3 /* LCMINDemo */;
			targetProxy = A8CDC58820B50D90000F17F3 /* PBXContainerItemProxy */;
		};
		A8CDC59420B50D90000F17F3 /* PBXTargetDependency */ = {
			isa = PBXTargetDependency;
			target = A8CDC56E20B50D8E000F17F3 /* LCMINDemo */;
			targetProxy = A8CDC59320B50D90000F17F3 /* PBXContainerItemProxy */;
		};
/* End PBXTargetDependency section */

/* Begin PBXVariantGroup section */
		A8CDC57820B50D8E000F17F3 /* Main.storyboard */ = {
			isa = PBXVariantGroup;
			children = (
				A8CDC57920B50D8E000F17F3 /* Base */,
			);
			name = Main.storyboard;
			sourceTree = "<group>";
		};
		A8CDC57D20B50D90000F17F3 /* LaunchScreen.storyboard */ = {
			isa = PBXVariantGroup;
			children = (
				A8CDC57E20B50D90000F17F3 /* Base */,
			);
			name = LaunchScreen.storyboard;
			sourceTree = "<group>";
		};
/* End PBXVariantGroup section */

/* Begin XCBuildConfiguration section */
		A8CDC59920B50D90000F17F3 /* Debug */ = {
			isa = XCBuildConfiguration;
			buildSettings = {
				ALWAYS_SEARCH_USER_PATHS = NO;
				CLANG_ANALYZER_NONNULL = YES;
				CLANG_ANALYZER_NUMBER_OBJECT_CONVERSION = YES_AGGRESSIVE;
				CLANG_CXX_LANGUAGE_STANDARD = "gnu++14";
				CLANG_CXX_LIBRARY = "libc++";
				CLANG_ENABLE_MODULES = YES;
				CLANG_ENABLE_OBJC_ARC = YES;
				CLANG_ENABLE_OBJC_WEAK = YES;
				CLANG_WARN_BLOCK_CAPTURE_AUTORELEASING = YES;
				CLANG_WARN_BOOL_CONVERSION = YES;
				CLANG_WARN_COMMA = YES;
				CLANG_WARN_CONSTANT_CONVERSION = YES;
				CLANG_WARN_DEPRECATED_OBJC_IMPLEMENTATIONS = YES;
				CLANG_WARN_DIRECT_OBJC_ISA_USAGE = YES_ERROR;
				CLANG_WARN_DOCUMENTATION_COMMENTS = YES;
				CLANG_WARN_EMPTY_BODY = YES;
				CLANG_WARN_ENUM_CONVERSION = YES;
				CLANG_WARN_INFINITE_RECURSION = YES;
				CLANG_WARN_INT_CONVERSION = YES;
				CLANG_WARN_NON_LITERAL_NULL_CONVERSION = YES;
				CLANG_WARN_OBJC_IMPLICIT_RETAIN_SELF = YES;
				CLANG_WARN_OBJC_LITERAL_CONVERSION = YES;
				CLANG_WARN_OBJC_ROOT_CLASS = YES_ERROR;
				CLANG_WARN_RANGE_LOOP_ANALYSIS = YES;
				CLANG_WARN_STRICT_PROTOTYPES = YES;
				CLANG_WARN_SUSPICIOUS_MOVE = YES;
				CLANG_WARN_UNGUARDED_AVAILABILITY = YES_AGGRESSIVE;
				CLANG_WARN_UNREACHABLE_CODE = YES;
				CLANG_WARN__DUPLICATE_METHOD_MATCH = YES;
				CODE_SIGN_IDENTITY = "iPhone Developer";
				COPY_PHASE_STRIP = NO;
				DEBUG_INFORMATION_FORMAT = dwarf;
				ENABLE_STRICT_OBJC_MSGSEND = YES;
				ENABLE_TESTABILITY = YES;
				GCC_C_LANGUAGE_STANDARD = gnu11;
				GCC_DYNAMIC_NO_PIC = NO;
				GCC_NO_COMMON_BLOCKS = YES;
				GCC_OPTIMIZATION_LEVEL = 0;
				GCC_PREPROCESSOR_DEFINITIONS = (
					"DEBUG=1",
					"$(inherited)",
				);
				GCC_WARN_64_TO_32_BIT_CONVERSION = YES;
				GCC_WARN_ABOUT_RETURN_TYPE = YES_ERROR;
				GCC_WARN_UNDECLARED_SELECTOR = YES;
				GCC_WARN_UNINITIALIZED_AUTOS = YES_AGGRESSIVE;
				GCC_WARN_UNUSED_FUNCTION = YES;
				GCC_WARN_UNUSED_VARIABLE = YES;
				IPHONEOS_DEPLOYMENT_TARGET = 11.3;
				MTL_ENABLE_DEBUG_INFO = YES;
				ONLY_ACTIVE_ARCH = YES;
				SDKROOT = iphoneos;
			};
			name = Debug;
		};
		A8CDC59A20B50D90000F17F3 /* Release */ = {
			isa = XCBuildConfiguration;
			buildSettings = {
				ALWAYS_SEARCH_USER_PATHS = NO;
				CLANG_ANALYZER_NONNULL = YES;
				CLANG_ANALYZER_NUMBER_OBJECT_CONVERSION = YES_AGGRESSIVE;
				CLANG_CXX_LANGUAGE_STANDARD = "gnu++14";
				CLANG_CXX_LIBRARY = "libc++";
				CLANG_ENABLE_MODULES = YES;
				CLANG_ENABLE_OBJC_ARC = YES;
				CLANG_ENABLE_OBJC_WEAK = YES;
				CLANG_WARN_BLOCK_CAPTURE_AUTORELEASING = YES;
				CLANG_WARN_BOOL_CONVERSION = YES;
				CLANG_WARN_COMMA = YES;
				CLANG_WARN_CONSTANT_CONVERSION = YES;
				CLANG_WARN_DEPRECATED_OBJC_IMPLEMENTATIONS = YES;
				CLANG_WARN_DIRECT_OBJC_ISA_USAGE = YES_ERROR;
				CLANG_WARN_DOCUMENTATION_COMMENTS = YES;
				CLANG_WARN_EMPTY_BODY = YES;
				CLANG_WARN_ENUM_CONVERSION = YES;
				CLANG_WARN_INFINITE_RECURSION = YES;
				CLANG_WARN_INT_CONVERSION = YES;
				CLANG_WARN_NON_LITERAL_NULL_CONVERSION = YES;
				CLANG_WARN_OBJC_IMPLICIT_RETAIN_SELF = YES;
				CLANG_WARN_OBJC_LITERAL_CONVERSION = YES;
				CLANG_WARN_OBJC_ROOT_CLASS = YES_ERROR;
				CLANG_WARN_RANGE_LOOP_ANALYSIS = YES;
				CLANG_WARN_STRICT_PROTOTYPES = YES;
				CLANG_WARN_SUSPICIOUS_MOVE = YES;
				CLANG_WARN_UNGUARDED_AVAILABILITY = YES_AGGRESSIVE;
				CLANG_WARN_UNREACHABLE_CODE = YES;
				CLANG_WARN__DUPLICATE_METHOD_MATCH = YES;
				CODE_SIGN_IDENTITY = "iPhone Developer";
				COPY_PHASE_STRIP = NO;
				DEBUG_INFORMATION_FORMAT = "dwarf-with-dsym";
				ENABLE_NS_ASSERTIONS = NO;
				ENABLE_STRICT_OBJC_MSGSEND = YES;
				GCC_C_LANGUAGE_STANDARD = gnu11;
				GCC_NO_COMMON_BLOCKS = YES;
				GCC_WARN_64_TO_32_BIT_CONVERSION = YES;
				GCC_WARN_ABOUT_RETURN_TYPE = YES_ERROR;
				GCC_WARN_UNDECLARED_SELECTOR = YES;
				GCC_WARN_UNINITIALIZED_AUTOS = YES_AGGRESSIVE;
				GCC_WARN_UNUSED_FUNCTION = YES;
				GCC_WARN_UNUSED_VARIABLE = YES;
				IPHONEOS_DEPLOYMENT_TARGET = 11.3;
				MTL_ENABLE_DEBUG_INFO = NO;
				SDKROOT = iphoneos;
				VALIDATE_PRODUCT = YES;
			};
			name = Release;
		};
		A8CDC59C20B50D90000F17F3 /* Debug */ = {
			isa = XCBuildConfiguration;
			baseConfigurationReference = 263C67A6B7FA456CBF954885 /* Pods-LCMINDemo.debug.xcconfig */;
			buildSettings = {
				ASSETCATALOG_COMPILER_APPICON_NAME = AppIcon;
				CODE_SIGN_STYLE = Automatic;
				DEVELOPMENT_TEAM = AAZ4HY68QU;
				GCC_PREFIX_HEADER = /Users/deirman/Desktop/LCMINDemo/LCMINDemo/LCMINDemo.pch;
				INFOPLIST_FILE = LCMINDemo/Info.plist;
				IPHONEOS_DEPLOYMENT_TARGET = 9.3;
				LD_RUNPATH_SEARCH_PATHS = (
					"$(inherited)",
					"@executable_path/Frameworks",
				);
				PRODUCT_BUNDLE_IDENTIFIER = com.LC.LCMINDemo;
				PRODUCT_NAME = "$(TARGET_NAME)";
				TARGETED_DEVICE_FAMILY = "1,2";
			};
			name = Debug;
		};
		A8CDC59D20B50D90000F17F3 /* Release */ = {
			isa = XCBuildConfiguration;
			baseConfigurationReference = DEA5D150AA4083EA7168DAC6 /* Pods-LCMINDemo.release.xcconfig */;
			buildSettings = {
				ASSETCATALOG_COMPILER_APPICON_NAME = AppIcon;
				CODE_SIGN_STYLE = Automatic;
				DEVELOPMENT_TEAM = AAZ4HY68QU;
				GCC_PREFIX_HEADER = /Users/deirman/Desktop/LCMINDemo/LCMINDemo/LCMINDemo.pch;
				INFOPLIST_FILE = LCMINDemo/Info.plist;
				IPHONEOS_DEPLOYMENT_TARGET = 9.3;
				LD_RUNPATH_SEARCH_PATHS = (
					"$(inherited)",
					"@executable_path/Frameworks",
				);
				PRODUCT_BUNDLE_IDENTIFIER = com.LC.LCMINDemo;
				PRODUCT_NAME = "$(TARGET_NAME)";
				TARGETED_DEVICE_FAMILY = "1,2";
			};
			name = Release;
		};
		A8CDC59F20B50D90000F17F3 /* Debug */ = {
			isa = XCBuildConfiguration;
			buildSettings = {
				BUNDLE_LOADER = "$(TEST_HOST)";
				CODE_SIGN_STYLE = Automatic;
				INFOPLIST_FILE = LCMINDemoTests/Info.plist;
				LD_RUNPATH_SEARCH_PATHS = (
					"$(inherited)",
					"@executable_path/Frameworks",
					"@loader_path/Frameworks",
				);
				PRODUCT_BUNDLE_IDENTIFIER = LC.LCMINDemoTests;
				PRODUCT_NAME = "$(TARGET_NAME)";
				TARGETED_DEVICE_FAMILY = "1,2";
				TEST_HOST = "$(BUILT_PRODUCTS_DIR)/LCMINDemo.app/LCMINDemo";
			};
			name = Debug;
		};
		A8CDC5A020B50D90000F17F3 /* Release */ = {
			isa = XCBuildConfiguration;
			buildSettings = {
				BUNDLE_LOADER = "$(TEST_HOST)";
				CODE_SIGN_STYLE = Automatic;
				INFOPLIST_FILE = LCMINDemoTests/Info.plist;
				LD_RUNPATH_SEARCH_PATHS = (
					"$(inherited)",
					"@executable_path/Frameworks",
					"@loader_path/Frameworks",
				);
				PRODUCT_BUNDLE_IDENTIFIER = LC.LCMINDemoTests;
				PRODUCT_NAME = "$(TARGET_NAME)";
				TARGETED_DEVICE_FAMILY = "1,2";
				TEST_HOST = "$(BUILT_PRODUCTS_DIR)/LCMINDemo.app/LCMINDemo";
			};
			name = Release;
		};
		A8CDC5A220B50D90000F17F3 /* Debug */ = {
			isa = XCBuildConfiguration;
			buildSettings = {
				CODE_SIGN_STYLE = Automatic;
				INFOPLIST_FILE = LCMINDemoUITests/Info.plist;
				LD_RUNPATH_SEARCH_PATHS = (
					"$(inherited)",
					"@executable_path/Frameworks",
					"@loader_path/Frameworks",
				);
				PRODUCT_BUNDLE_IDENTIFIER = LC.LCMINDemoUITests;
				PRODUCT_NAME = "$(TARGET_NAME)";
				TARGETED_DEVICE_FAMILY = "1,2";
				TEST_TARGET_NAME = LCMINDemo;
			};
			name = Debug;
		};
		A8CDC5A320B50D90000F17F3 /* Release */ = {
			isa = XCBuildConfiguration;
			buildSettings = {
				CODE_SIGN_STYLE = Automatic;
				INFOPLIST_FILE = LCMINDemoUITests/Info.plist;
				LD_RUNPATH_SEARCH_PATHS = (
					"$(inherited)",
					"@executable_path/Frameworks",
					"@loader_path/Frameworks",
				);
				PRODUCT_BUNDLE_IDENTIFIER = LC.LCMINDemoUITests;
				PRODUCT_NAME = "$(TARGET_NAME)";
				TARGETED_DEVICE_FAMILY = "1,2";
				TEST_TARGET_NAME = LCMINDemo;
			};
			name = Release;
		};
/* End XCBuildConfiguration section */

/* Begin XCConfigurationList section */
		A8CDC56A20B50D8E000F17F3 /* Build configuration list for PBXProject "LCMINDemo" */ = {
			isa = XCConfigurationList;
			buildConfigurations = (
				A8CDC59920B50D90000F17F3 /* Debug */,
				A8CDC59A20B50D90000F17F3 /* Release */,
			);
			defaultConfigurationIsVisible = 0;
			defaultConfigurationName = Release;
		};
		A8CDC59B20B50D90000F17F3 /* Build configuration list for PBXNativeTarget "LCMINDemo" */ = {
			isa = XCConfigurationList;
			buildConfigurations = (
				A8CDC59C20B50D90000F17F3 /* Debug */,
				A8CDC59D20B50D90000F17F3 /* Release */,
			);
			defaultConfigurationIsVisible = 0;
			defaultConfigurationName = Release;
		};
		A8CDC59E20B50D90000F17F3 /* Build configuration list for PBXNativeTarget "LCMINDemoTests" */ = {
			isa = XCConfigurationList;
			buildConfigurations = (
				A8CDC59F20B50D90000F17F3 /* Debug */,
				A8CDC5A020B50D90000F17F3 /* Release */,
			);
			defaultConfigurationIsVisible = 0;
			defaultConfigurationName = Release;
		};
		A8CDC5A120B50D90000F17F3 /* Build configuration list for PBXNativeTarget "LCMINDemoUITests" */ = {
			isa = XCConfigurationList;
			buildConfigurations = (
				A8CDC5A220B50D90000F17F3 /* Debug */,
				A8CDC5A320B50D90000F17F3 /* Release */,
			);
			defaultConfigurationIsVisible = 0;
			defaultConfigurationName = Release;
		};
/* End XCConfigurationList section */
	};
	rootObject = A8CDC56720B50D8E000F17F3 /* Project object */;
}
